
Microsoft Visual Studio Solution File, Format Version 12.00
# Visual Studio Version 16
VisualStudioVersion = 16.0.29709.97
MinimumVisualStudioVersion = 10.0.40219.1
Project("{8BC9CEB8-8B4A-11D0-8D11-00A0C91BC942}") = "NineMensMorris1", "NineMensMorris1\NineMensMorris1.vcxproj", "{AE29DFAB-51A9-42EF-B97E-8851F2BFF9F8}"
EndProject
Global
	GlobalSection(SolutionConfigurationPlatforms) = preSolution
		Debug|x64 = Debug|x64
		Debug|x86 = Debug|x86
		Release|x64 = Release|x64
		Release|x86 = Release|x86
	EndGlobalSection
	GlobalSection(ProjectConfigurationPlatforms) = postSolution
		{AE29DFAB-51A9-42EF-B97E-8851F2BFF9F8}.Debug|x64.ActiveCfg = Debug|x64
		{AE29DFAB-51A9-42EF-B97E-8851F2BFF9F8}.Debug|x64.Build.0 = Debug|x64
		{AE29DFAB-51A9-42EF-B97E-8851F2BFF9F8}.Debug|x86.ActiveCfg = Debug|Win32
		{AE29DFAB-51A9-42EF-B97E-8851F2BFF9F8}.Debug|x86.Build.0 = Debug|Win32
		{AE29DFAB-51A9-42EF-B97E-8851F2BFF9F8}.Release|x64.ActiveCfg = Release|x64
		{AE29DFAB-51A9-42EF-B97E-8851F2BFF9F8}.Release|x64.Build.0 = Release|x64
		{AE29DFAB-51A9-42EF-B97E-8851F2BFF9F8}.Release|x86.ActiveCfg = Release|Win32
		{AE29DFAB-51A9-42EF-B97E-8851F2BFF9F8}.Release|x86.Build.0 = Release|Win32
	EndGlobalSection
	GlobalSection(SolutionProperties) = preSolution
		HideSolutionNode = FALSE
	EndGlobalSection
	GlobalSection(ExtensibilityGlobals) = postSolution
		SolutionGuid = {4D6BC08C-1883-4804-83BC-C4EE558227B1}
	EndGlobalSection
EndGlobal
